{
  "name": "commonjs",
  "version": "0.0.0",
  "lockfileVersion": 1,
  "requires": true,
  "dependencies": {
    "debug": {
      "version": "2.6.9",
      "resolved": "https://registry.npmjs.org/debug/-/debug-2.6.9.tgz",
      "integrity": "sha512-bC7ElrdJaJnPbAP+1EotYvqZsb3ecl5wi6Bfi6BJTUcNowp6cvspg0jXznRTKDjm/E7AdgFBVeAPVMNcKGsHMA==",
      "requires": {
        "ms": "2.0.0"
      }
    },
    "eventsource": {
      "version": "0.1.6",
      "resolved": "https://registry.npmjs.org/eventsource/-/eventsource-0.1.6.tgz",
      "integrity": "sha1-Cs7ehJ7X3RzMMsgRuxG5RNTykjI=",
      "requires": {
        "original": "1.0.2"
      }
    },
    "faye-websocket": {
      "version": "0.11.1",
      "resolved": "https://registry.npmjs.org/faye-websocket/-/faye-websocket-0.11.1.tgz",
      "integrity": "sha1-8O/hjE9W5PQK/H4Gxxn9XuYYjzg=",
      "requires": {
        "websocket-driver": "0.7.0"
      }
    },
    "http-parser-js": {
      "version": "0.5.0",
      "resolved": "https://registry.npmjs.org/http-parser-js/-/http-parser-js-0.5.0.tgz",
      "integrity": "sha512-cZdEF7r4gfRIq7ezX9J0T+kQmJNOub71dWbgAXVHDct80TKP4MCETtZQ31xyv38UwgzkWPYF/Xc0ge55dW9Z9w=="
    },
    "inherits": {
      "version": "2.0.3",
      "resolved": "https://registry.npmjs.org/inherits/-/inherits-2.0.3.tgz",
      "integrity": "sha1-Yzwsg+PaQqUC9SRmAiSA9CCCYd4="
    },
    "jquery": {
      "version": "3.4.1",
      "resolved": "https://registry.npmjs.org/jquery/-/jquery-3.4.1.tgz",
      "integrity": "sha512-36+AdBzCL+y6qjw5Tx7HgzeGCzC81MDDgaUP8ld2zhx58HdqXGoBd+tHdrBMiyjGQs0Hxs/MLZTu/eHNJJuWPw=="
    },
    "json3": {
      "version": "3.3.2",
      "resolved": "https://registry.npmjs.org/json3/-/json3-3.3.2.tgz",
      "integrity": "sha1-PAQ0dD35Pi9cQq7nsZvLSDV19OE="
    },
    "ms": {
      "version": "2.0.0",
      "resolved": "https://registry.npmjs.org/ms/-/ms-2.0.0.tgz",
      "integrity": "sha1-VgiurfwAvmwpAd9fmGF4jeDVl8g="
    },
    "original": {
      "version": "1.0.2",
      "resolved": "https://registry.npmjs.org/original/-/original-1.0.2.tgz",
      "integrity": "sha512-hyBVl6iqqUOJ8FqRe+l/gS8H+kKYjrEndd5Pm1MfBtsEKA038HkkdbAl/72EAXGyonD/PFsvmVG+EvcIpliMBg==",
      "requires": {
        "url-parse": "1.4.4"
      }
    },
    "querystringify": {
      "version": "2.1.0",
      "resolved": "https://registry.npmjs.org/querystringify/-/querystringify-2.1.0.tgz",
      "integrity": "sha512-sluvZZ1YiTLD5jsqZcDmFyV2EwToyXZBfpoVOmktMmW+VEnhgakFHnasVph65fOjGPTWN0Nw3+XQaSeMayr0kg=="
    },
    "requires-port": {
      "version": "1.0.0",
      "resolved": "https://registry.npmjs.org/requires-port/-/requires-port-1.0.0.tgz",
      "integrity": "sha1-kl0mAdOaxIXgkc8NpcbmlNw9yv8="
    },
    "sockjs-client": {
      "version": "1.1.4",
      "resolved": "https://registry.npmjs.org/sockjs-client/-/sockjs-client-1.1.4.tgz",
      "integrity": "sha1-W6vjhrd15M8U51IJEUUmVAFsixI=",
      "requires": {
        "debug": "2.6.9",
        "eventsource": "0.1.6",
        "faye-websocket": "0.11.1",
        "inherits": "2.0.3",
        "json3": "3.3.2",
        "url-parse": "1.4.4"
      }
    },
    "url-parse": {
      "version": "1.4.4",
      "resolved": "https://registry.npmjs.org/url-parse/-/url-parse-1.4.4.tgz",
      "integrity": "sha512-/92DTTorg4JjktLNLe6GPS2/RvAd/RGr6LuktmWSMLEOa6rjnlrFXNgSbSmkNvCoL2T028A0a1JaJLzRMlFoHg==",
      "requires": {
        "querystringify": "2.1.0",
        "requires-port": "1.0.0"
      }
    },
    "vertx3-eventbus-client": {
      "version": "3.5.1",
      "resolved": "https://registry.npmjs.org/vertx3-eventbus-client/-/vertx3-eventbus-client-3.5.1.tgz",
      "integrity": "sha1-FIFEDpFru+CnRycSdIGYi54vvJ8=",
      "requires": {
        "sockjs-client": "1.0.3"
      },
      "dependencies": {
        "faye-websocket": {
          "version": "0.7.3",
          "resolved": "https://registry.npmjs.org/faye-websocket/-/faye-websocket-0.7.3.tgz",
          "integrity": "sha1-zEB0x/Sk39A69U3WXDVLE1EyzhE=",
          "requires": {
            "websocket-driver": "0.7.0"
          }
        },
        "sockjs-client": {
          "version": "1.0.3",
          "resolved": "https://registry.npmjs.org/sockjs-client/-/sockjs-client-1.0.3.tgz",
          "integrity": "sha1-sNgoCZhGDrJWTF151+PXz9ijU60=",
          "requires": {
            "debug": "2.6.9",
            "eventsource": "0.1.6",
            "faye-websocket": "0.7.3",
            "inherits": "2.0.3",
            "json3": "3.3.2",
            "url-parse": "1.4.4"
          }
        }
      }
    },
    "websocket-driver": {
      "version": "0.7.0",
      "resolved": "https://registry.npmjs.org/websocket-driver/-/websocket-driver-0.7.0.tgz",
      "integrity": "sha1-DK+dLXVdk67gSdS90NP+LMoqJOs=",
      "requires": {
        "http-parser-js": "0.5.0",
        "websocket-extensions": "0.1.3"
      }
    },
    "websocket-extensions": {
      "version": "0.1.3",
      "resolved": "https://registry.npmjs.org/websocket-extensions/-/websocket-extensions-0.1.3.tgz",
      "integrity": "sha512-nqHUnMXmBzT0w570r2JpJxfiSD1IzoI+HGVdd3aZ0yNi3ngvQ4jv1dtHt5VGxfI2yj5yqImPhOK4vmIh2xMbGg=="
    }
  }
}
